versionlock:
  hold:
    description: List of packages to prevent from upgrading. To reduce the frequency of required reboots, add 'kernel' to this list for RedHat based OS families. For Debian, please see the documentation.
    global: True
    forcedType: "[]string"
    multiline: True
    helpLink: versionlock.html
